
Microsoft Visual Studio Solution File, Format Version 12.00
# Visual Studio Version 17
VisualStudioVersion = 17.3.32929.385
MinimumVisualStudioVersion = 10.0.40219.1
Project("{FAE04EC0-301F-11D3-BF4B-00C04F79EFBC}") = "Mihali_Lenuta_lab2", "Mihali_Lenuta_lab2.csproj", "{50607B7C-B1D8-43DB-AAD8-91CBE3C27CF9}"
EndProject
Global
	GlobalSection(SolutionConfigurationPlatforms) = preSolution
		Debug|Any CPU = Debug|Any CPU
		Release|Any CPU = Release|Any CPU
	EndGlobalSection
	GlobalSection(ProjectConfigurationPlatforms) = postSolution
		{50607B7C-B1D8-43DB-AAD8-91CBE3C27CF9}.Debug|Any CPU.ActiveCfg = Debug|Any CPU
		{50607B7C-B1D8-43DB-AAD8-91CBE3C27CF9}.Debug|Any CPU.Build.0 = Debug|Any CPU
		{50607B7C-B1D8-43DB-AAD8-91CBE3C27CF9}.Release|Any CPU.ActiveCfg = Release|Any CPU
		{50607B7C-B1D8-43DB-AAD8-91CBE3C27CF9}.Release|Any CPU.Build.0 = Release|Any CPU
	EndGlobalSection
	GlobalSection(SolutionProperties) = preSolution
		HideSolutionNode = FALSE
	EndGlobalSection
	GlobalSection(ExtensibilityGlobals) = postSolution
		SolutionGuid = {90B0EDBA-A5F5-4991-832B-BDE676AC9ECB}
	EndGlobalSection
EndGlobal
